github.com/hidez8891/shm v0.0.0-20200313135933-0ec4df5f28c7 h1:JSo+KvSidJkj/WUE0eVBnGQ9zp4ySfUOzFMAJJMPMUw=
github.com/hidez8891/shm v0.0.0-20200313135933-0ec4df5f28c7/go.mod h1:7TJzIHJx3AjYCmJzoUdJ9n1pVISMw9F4wF2+V0mq288=
golang.org/x/sys v0.0.0-20220829200755-d48e67d00261 h1:v6hYoSR9T5oet+pMXwUWkbiVqx/63mlHjefrHmxwfeY=
golang.org/x/sys v0.0.0-20220829200755-d48e67d00261/go.mod h1:oPkhp1MJrh7nUepCBck5+mAzfO9JrbApNNgaTdGDITg=
golang.org/x/text v0.3.7 h1:olpwvP2KacW1ZWvsR7uQhoyTYvKAupfQrRGBFM352Gk=
golang.org/x/text v0.3.7/go.mod h1:u+2+/6zg+i71rQMx5EYifcz6MCKuco9NR6JIITiCfzQ=
